
Microsoft Visual Studio Solution File, Format Version 12.00
# Visual Studio Version 17
VisualStudioVersion = 17.5.33627.172
MinimumVisualStudioVersion = 10.0.40219.1
Project("{FAE04EC0-301F-11D3-BF4B-00C04F79EFBC}") = "Week8EpicGame", "Week8EpicGame\Week8EpicGame.csproj", "{C4B6C1A9-1974-4E72-8BB5-30FBCB47EAE2}"
EndProject
Global
	GlobalSection(SolutionConfigurationPlatforms) = preSolution
		Debug|Any CPU = Debug|Any CPU
		Release|Any CPU = Release|Any CPU
	EndGlobalSection
	GlobalSection(ProjectConfigurationPlatforms) = postSolution
		{C4B6C1A9-1974-4E72-8BB5-30FBCB47EAE2}.Debug|Any CPU.ActiveCfg = Debug|Any CPU
		{C4B6C1A9-1974-4E72-8BB5-30FBCB47EAE2}.Debug|Any CPU.Build.0 = Debug|Any CPU
		{C4B6C1A9-1974-4E72-8BB5-30FBCB47EAE2}.Release|Any CPU.ActiveCfg = Release|Any CPU
		{C4B6C1A9-1974-4E72-8BB5-30FBCB47EAE2}.Release|Any CPU.Build.0 = Release|Any CPU
	EndGlobalSection
	GlobalSection(SolutionProperties) = preSolution
		HideSolutionNode = FALSE
	EndGlobalSection
	GlobalSection(ExtensibilityGlobals) = postSolution
		SolutionGuid = {2A45E39F-0B98-47B6-B1B7-E3991B418B7E}
	EndGlobalSection
EndGlobal
